
Microsoft Visual Studio Solution File, Format Version 12.00
# Visual Studio 15
VisualStudioVersion = 15.0.28010.2016
MinimumVisualStudioVersion = 10.0.40219.1
Project("{FAE04EC0-301F-11D3-BF4B-00C04F79EFBC}") = "homework 040819 peopleAddTable ajax", "homework 040819 peopleAddTable ajax\homework 040819 peopleAddTable ajax.csproj", "{6CDD6321-4E4D-4F86-97A7-E42270E39801}"
EndProject
Project("{FAE04EC0-301F-11D3-BF4B-00C04F79EFBC}") = "PeopleAddTable.Data", "PeopleAddTable.Data\PeopleAddTable.Data.csproj", "{3598E4BF-F28A-4EB4-BB4D-21D22FC8A757}"
EndProject
Global
	GlobalSection(SolutionConfigurationPlatforms) = preSolution
		Debug|Any CPU = Debug|Any CPU
		Release|Any CPU = Release|Any CPU
	EndGlobalSection
	GlobalSection(ProjectConfigurationPlatforms) = postSolution
		{6CDD6321-4E4D-4F86-97A7-E42270E39801}.Debug|Any CPU.ActiveCfg = Debug|Any CPU
		{6CDD6321-4E4D-4F86-97A7-E42270E39801}.Debug|Any CPU.Build.0 = Debug|Any CPU
		{6CDD6321-4E4D-4F86-97A7-E42270E39801}.Release|Any CPU.ActiveCfg = Release|Any CPU
		{6CDD6321-4E4D-4F86-97A7-E42270E39801}.Release|Any CPU.Build.0 = Release|Any CPU
		{3598E4BF-F28A-4EB4-BB4D-21D22FC8A757}.Debug|Any CPU.ActiveCfg = Debug|Any CPU
		{3598E4BF-F28A-4EB4-BB4D-21D22FC8A757}.Debug|Any CPU.Build.0 = Debug|Any CPU
		{3598E4BF-F28A-4EB4-BB4D-21D22FC8A757}.Release|Any CPU.ActiveCfg = Release|Any CPU
		{3598E4BF-F28A-4EB4-BB4D-21D22FC8A757}.Release|Any CPU.Build.0 = Release|Any CPU
	EndGlobalSection
	GlobalSection(SolutionProperties) = preSolution
		HideSolutionNode = FALSE
	EndGlobalSection
	GlobalSection(ExtensibilityGlobals) = postSolution
		SolutionGuid = {6B9BA36C-C171-4052-818A-BA9DC19CF738}
	EndGlobalSection
EndGlobal
